
Microsoft Visual Studio Solution File, Format Version 12.00
# Visual Studio Version 17
VisualStudioVersion = 17.3.32819.101
MinimumVisualStudioVersion = 10.0.40219.1
Project("{FAE04EC0-301F-11D3-BF4B-00C04F79EFBC}") = "FilesTutorial", "FilesTutorial\FilesTutorial.csproj", "{BDDEC078-9E31-40FB-8280-F36DD2FDB337}"
EndProject
Global
	GlobalSection(SolutionConfigurationPlatforms) = preSolution
		Debug|Any CPU = Debug|Any CPU
		Release|Any CPU = Release|Any CPU
	EndGlobalSection
	GlobalSection(ProjectConfigurationPlatforms) = postSolution
		{BDDEC078-9E31-40FB-8280-F36DD2FDB337}.Debug|Any CPU.ActiveCfg = Debug|Any CPU
		{BDDEC078-9E31-40FB-8280-F36DD2FDB337}.Debug|Any CPU.Build.0 = Debug|Any CPU
		{BDDEC078-9E31-40FB-8280-F36DD2FDB337}.Release|Any CPU.ActiveCfg = Release|Any CPU
		{BDDEC078-9E31-40FB-8280-F36DD2FDB337}.Release|Any CPU.Build.0 = Release|Any CPU
	EndGlobalSection
	GlobalSection(SolutionProperties) = preSolution
		HideSolutionNode = FALSE
	EndGlobalSection
	GlobalSection(ExtensibilityGlobals) = postSolution
		SolutionGuid = {02CEDC5C-5FFC-4D11-922C-37BA5A0EAFC3}
	EndGlobalSection
EndGlobal
